
Microsoft Visual Studio Solution File, Format Version 12.00
# Visual Studio Version 16
VisualStudioVersion = 16.0.28803.202
MinimumVisualStudioVersion = 10.0.40219.1
Project("{FAE04EC0-301F-11D3-BF4B-00C04F79EFBC}") = "QuickBuy.Dominio", "QuickBuy.Dominio\QuickBuy.Dominio.csproj", "{4B2911B7-1E5F-4515-B834-B6D61D413938}"
EndProject
Project("{FAE04EC0-301F-11D3-BF4B-00C04F79EFBC}") = "QuickBuy.Repositorio", "QuickBuy.Repositorio\QuickBuy.Repositorio.csproj", "{BBCFD614-67B0-4DA1-B0AC-37C631C27FD0}"
EndProject
Project("{FAE04EC0-301F-11D3-BF4B-00C04F79EFBC}") = "QuickBuy.Web", "QuickBuy.Web\QuickBuy.Web.csproj", "{C1E7C534-3239-4C7A-BEB0-D55861C080C6}"
EndProject
Global
	GlobalSection(SolutionConfigurationPlatforms) = preSolution
		Debug|Any CPU = Debug|Any CPU
		Release|Any CPU = Release|Any CPU
	EndGlobalSection
	GlobalSection(ProjectConfigurationPlatforms) = postSolution
		{4B2911B7-1E5F-4515-B834-B6D61D413938}.Debug|Any CPU.ActiveCfg = Debug|Any CPU
		{4B2911B7-1E5F-4515-B834-B6D61D413938}.Debug|Any CPU.Build.0 = Debug|Any CPU
		{4B2911B7-1E5F-4515-B834-B6D61D413938}.Release|Any CPU.ActiveCfg = Release|Any CPU
		{4B2911B7-1E5F-4515-B834-B6D61D413938}.Release|Any CPU.Build.0 = Release|Any CPU
		{BBCFD614-67B0-4DA1-B0AC-37C631C27FD0}.Debug|Any CPU.ActiveCfg = Debug|Any CPU
		{BBCFD614-67B0-4DA1-B0AC-37C631C27FD0}.Debug|Any CPU.Build.0 = Debug|Any CPU
		{BBCFD614-67B0-4DA1-B0AC-37C631C27FD0}.Release|Any CPU.ActiveCfg = Release|Any CPU
		{BBCFD614-67B0-4DA1-B0AC-37C631C27FD0}.Release|Any CPU.Build.0 = Release|Any CPU
		{C1E7C534-3239-4C7A-BEB0-D55861C080C6}.Debug|Any CPU.ActiveCfg = Debug|Any CPU
		{C1E7C534-3239-4C7A-BEB0-D55861C080C6}.Debug|Any CPU.Build.0 = Debug|Any CPU
		{C1E7C534-3239-4C7A-BEB0-D55861C080C6}.Release|Any CPU.ActiveCfg = Release|Any CPU
		{C1E7C534-3239-4C7A-BEB0-D55861C080C6}.Release|Any CPU.Build.0 = Release|Any CPU
	EndGlobalSection
	GlobalSection(SolutionProperties) = preSolution
		HideSolutionNode = FALSE
	EndGlobalSection
	GlobalSection(ExtensibilityGlobals) = postSolution
		SolutionGuid = {4D3D36F6-4B7E-4FC6-885C-157AFC5F5E0F}
	EndGlobalSection
EndGlobal
